
Microsoft Visual Studio Solution File, Format Version 12.00
Project("{F2A71F9B-5D33-465A-A702-920D77279786}") = "Bship", "src\Bship\Bship.fsproj", "{A56550D7-AD50-481F-9D1F-85EB8809D474}"
EndProject
Global
	GlobalSection(SolutionConfigurationPlatforms) = preSolution
		Debug|Any CPU = Debug|Any CPU
		Release|Any CPU = Release|Any CPU
	EndGlobalSection
	GlobalSection(ProjectConfigurationPlatforms) = postSolution
		{A56550D7-AD50-481F-9D1F-85EB8809D474}.Debug|Any CPU.ActiveCfg = Debug|Any CPU
		{A56550D7-AD50-481F-9D1F-85EB8809D474}.Debug|Any CPU.Build.0 = Debug|Any CPU
		{A56550D7-AD50-481F-9D1F-85EB8809D474}.Release|Any CPU.ActiveCfg = Release|Any CPU
		{A56550D7-AD50-481F-9D1F-85EB8809D474}.Release|Any CPU.Build.0 = Release|Any CPU
	EndGlobalSection
EndGlobal
